// !$*UTF8*$!
{
	archiveVersion = 1;
	classes = {
	};
	objectVersion = 50;
	objects = {

/* Begin PBXBuildFile section */
		FD23635726FEFF2D007E20C7 /* Tests_iOS.swift in Sources */ = {isa = PBXBuildFile; fileRef = FD23635626FEFF2D007E20C7 /* Tests_iOS.swift */; };
		FD23636226FEFF2D007E20C7 /* Tests_macOS.swift in Sources */ = {isa = PBXBuildFile; fileRef = FD23636126FEFF2D007E20C7 /* Tests_macOS.swift */; };
		FD23636426FEFF2D007E20C7 /* Al_QuranApp.swift in Sources */ = {isa = PBXBuildFile; fileRef = FD23633B26FEFF2A007E20C7 /* Al_QuranApp.swift */; };
		FD23636526FEFF2D007E20C7 /* Al_QuranApp.swift in Sources */ = {isa = PBXBuildFile; fileRef = FD23633B26FEFF2A007E20C7 /* Al_QuranApp.swift */; };
		FD23636626FEFF2D007E20C7 /* ContentView.swift in Sources */ = {isa = PBXBuildFile; fileRef = FD23633C26FEFF2A007E20C7 /* ContentView.swift */; };
		FD23636726FEFF2D007E20C7 /* ContentView.swift in Sources */ = {isa = PBXBuildFile; fileRef = FD23633C26FEFF2A007E20C7 /* ContentView.swift */; };
		FD23636826FEFF2D007E20C7 /* Assets.xcassets in Resources */ = {isa = PBXBuildFile; fileRef = FD23633D26FEFF2D007E20C7 /* Assets.xcassets */; };
		FD23636926FEFF2D007E20C7 /* Assets.xcassets in Resources */ = {isa = PBXBuildFile; fileRef = FD23633D26FEFF2D007E20C7 /* Assets.xcassets */; };
		FD23637D26FF02B0007E20C7 /* ContentHeaderView.swift in Sources */ = {isa = PBXBuildFile; fileRef = FD23637C26FF02B0007E20C7 /* ContentHeaderView.swift */; };
		FD23637E26FF02B0007E20C7 /* ContentHeaderView.swift in Sources */ = {isa = PBXBuildFile; fileRef = FD23637C26FF02B0007E20C7 /* ContentHeaderView.swift */; };
		FD23638526FF0AE1007E20C7 /* ChapetersListView.swift in Sources */ = {isa = PBXBuildFile; fileRef = FD23638426FF0AE1007E20C7 /* ChapetersListView.swift */; };
		FD23638626FF0AE1007E20C7 /* ChapetersListView.swift in Sources */ = {isa = PBXBuildFile; fileRef = FD23638426FF0AE1007E20C7 /* ChapetersListView.swift */; };
		FD23639126FF1064007E20C7 /* QuranChaptersResponseModel.swift in Sources */ = {isa = PBXBuildFile; fileRef = FD23639026FF1064007E20C7 /* QuranChaptersResponseModel.swift */; };
		FD23639226FF1064007E20C7 /* QuranChaptersResponseModel.swift in Sources */ = {isa = PBXBuildFile; fileRef = FD23639026FF1064007E20C7 /* QuranChaptersResponseModel.swift */; };
		FD23639E26FF1453007E20C7 /* QuranChaptersListModelView.swift in Sources */ = {isa = PBXBuildFile; fileRef = FD23639D26FF1453007E20C7 /* QuranChaptersListModelView.swift */; };
		FD23639F26FF1453007E20C7 /* QuranChaptersListModelView.swift in Sources */ = {isa = PBXBuildFile; fileRef = FD23639D26FF1453007E20C7 /* QuranChaptersListModelView.swift */; };
		FD2363A626FF24B4007E20C7 /* ChapterDetailsView.swift in Sources */ = {isa = PBXBuildFile; fileRef = FD2363A526FF24B4007E20C7 /* ChapterDetailsView.swift */; };
		FD2363A726FF24B4007E20C7 /* ChapterDetailsView.swift in Sources */ = {isa = PBXBuildFile; fileRef = FD2363A526FF24B4007E20C7 /* ChapterDetailsView.swift */; };
		FD2363B126FF24DD007E20C7 /* ChapterdetailsModelView.swift in Sources */ = {isa = PBXBuildFile; fileRef = FD2363B026FF24DD007E20C7 /* ChapterdetailsModelView.swift */; };
		FD2363B226FF24DD007E20C7 /* ChapterdetailsModelView.swift in Sources */ = {isa = PBXBuildFile; fileRef = FD2363B026FF24DD007E20C7 /* ChapterdetailsModelView.swift */; };
		FD2363BC26FF257B007E20C7 /* ChapterVersesResponseModel.swift in Sources */ = {isa = PBXBuildFile; fileRef = FD2363BB26FF257B007E20C7 /* ChapterVersesResponseModel.swift */; };
		FD2363BD26FF257B007E20C7 /* ChapterVersesResponseModel.swift in Sources */ = {isa = PBXBuildFile; fileRef = FD2363BB26FF257B007E20C7 /* ChapterVersesResponseModel.swift */; };
		FD2363D726FF4C33007E20C7 /* ActivityIndicator.swift in Sources */ = {isa = PBXBuildFile; fileRef = FD2363D626FF4C33007E20C7 /* ActivityIndicator.swift */; };
		FD2363DC26FF4C38007E20C7 /* ActivityIndicator.swift in Sources */ = {isa = PBXBuildFile; fileRef = FD2363D626FF4C33007E20C7 /* ActivityIndicator.swift */; };
/* End PBXBuildFile section */

/* Begin PBXContainerItemProxy section */
		FD23635326FEFF2D007E20C7 /* PBXContainerItemProxy */ = {
			isa = PBXContainerItemProxy;
			containerPortal = FD23633626FEFF29007E20C7 /* Project object */;
			proxyType = 1;
			remoteGlobalIDString = FD23634126FEFF2D007E20C7;
			remoteInfo = "Al Quran (iOS)";
		};
		FD23635E26FEFF2D007E20C7 /* PBXContainerItemProxy */ = {
			isa = PBXContainerItemProxy;
			containerPortal = FD23633626FEFF29007E20C7 /* Project object */;
			proxyType = 1;
			remoteGlobalIDString = FD23634926FEFF2D007E20C7;
			remoteInfo = "Al Quran (macOS)";
		};
/* End PBXContainerItemProxy section */

/* Begin PBXFileReference section */
		FD23633B26FEFF2A007E20C7 /* Al_QuranApp.swift */ = {isa = PBXFileReference; lastKnownFileType = sourcecode.swift; path = Al_QuranApp.swift; sourceTree = "<group>"; };
		FD23633C26FEFF2A007E20C7 /* ContentView.swift */ = {isa = PBXFileReference; lastKnownFileType = sourcecode.swift; path = ContentView.swift; sourceTree = "<group>"; };
		FD23633D26FEFF2D007E20C7 /* Assets.xcassets */ = {isa = PBXFileReference; lastKnownFileType = folder.assetcatalog; path = Assets.xcassets; sourceTree = "<group>"; };
		FD23634226FEFF2D007E20C7 /* Al Quran.app */ = {isa = PBXFileReference; explicitFileType = wrapper.application; includeInIndex = 0; path = "Al Quran.app"; sourceTree = BUILT_PRODUCTS_DIR; };
		FD23634526FEFF2D007E20C7 /* Info.plist */ = {isa = PBXFileReference; lastKnownFileType = text.plist.xml; path = Info.plist; sourceTree = "<group>"; };
		FD23634A26FEFF2D007E20C7 /* Al Quran.app */ = {isa = PBXFileReference; explicitFileType = wrapper.application; includeInIndex = 0; path = "Al Quran.app"; sourceTree = BUILT_PRODUCTS_DIR; };
		FD23634C26FEFF2D007E20C7 /* Info.plist */ = {isa = PBXFileReference; lastKnownFileType = text.plist.xml; path = Info.plist; sourceTree = "<group>"; };
		FD23634D26FEFF2D007E20C7 /* macOS.entitlements */ = {isa = PBXFileReference; lastKnownFileType = text.plist.entitlements; path = macOS.entitlements; sourceTree = "<group>"; };
		FD23635226FEFF2D007E20C7 /* Tests iOS.xctest */ = {isa = PBXFileReference; explicitFileType = wrapper.cfbundle; includeInIndex = 0; path = "Tests iOS.xctest"; sourceTree = BUILT_PRODUCTS_DIR; };
		FD23635626FEFF2D007E20C7 /* Tests_iOS.swift */ = {isa = PBXFileReference; lastKnownFileType = sourcecode.swift; path = Tests_iOS.swift; sourceTree = "<group>"; };
		FD23635826FEFF2D007E20C7 /* Info.plist */ = {isa = PBXFileReference; lastKnownFileType = text.plist.xml; path = Info.plist; sourceTree = "<group>"; };
		FD23635D26FEFF2D007E20C7 /* Tests macOS.xctest */ = {isa = PBXFileReference; explicitFileType = wrapper.cfbundle; includeInIndex = 0; path = "Tests macOS.xctest"; sourceTree = BUILT_PRODUCTS_DIR; };
		FD23636126FEFF2D007E20C7 /* Tests_macOS.swift */ = {isa = PBXFileReference; lastKnownFileType = sourcecode.swift; path = Tests_macOS.swift; sourceTree = "<group>"; };
		FD23636326FEFF2D007E20C7 /* Info.plist */ = {isa = PBXFileReference; lastKnownFileType = text.plist.xml; path = Info.plist; sourceTree = "<group>"; };
		FD23637C26FF02B0007E20C7 /* ContentHeaderView.swift */ = {isa = PBXFileReference; lastKnownFileType = sourcecode.swift; path = ContentHeaderView.swift; sourceTree = "<group>"; };
		FD23638426FF0AE1007E20C7 /* ChapetersListView.swift */ = {isa = PBXFileReference; lastKnownFileType = sourcecode.swift; path = ChapetersListView.swift; sourceTree = "<group>"; };
		FD23639026FF1064007E20C7 /* QuranChaptersResponseModel.swift */ = {isa = PBXFileReference; lastKnownFileType = sourcecode.swift; path = QuranChaptersResponseModel.swift; sourceTree = "<group>"; };
		FD23639D26FF1453007E20C7 /* QuranChaptersListModelView.swift */ = {isa = PBXFileReference; lastKnownFileType = sourcecode.swift; path = QuranChaptersListModelView.swift; sourceTree = "<group>"; };
		FD2363A526FF24B4007E20C7 /* ChapterDetailsView.swift */ = {isa = PBXFileReference; lastKnownFileType = sourcecode.swift; path = ChapterDetailsView.swift; sourceTree = "<group>"; };
		FD2363B026FF24DD007E20C7 /* ChapterdetailsModelView.swift */ = {isa = PBXFileReference; lastKnownFileType = sourcecode.swift; path = ChapterdetailsModelView.swift; sourceTree = "<group>"; };
		FD2363BB26FF257B007E20C7 /* ChapterVersesResponseModel.swift */ = {isa = PBXFileReference; lastKnownFileType = sourcecode.swift; path = ChapterVersesResponseModel.swift; sourceTree = "<group>"; };
		FD2363D626FF4C33007E20C7 /* ActivityIndicator.swift */ = {isa = PBXFileReference; lastKnownFileType = sourcecode.swift; path = ActivityIndicator.swift; sourceTree = "<group>"; };
/* End PBXFileReference section */

/* Begin PBXFrameworksBuildPhase section */
		FD23633F26FEFF2D007E20C7 /* Frameworks */ = {
			isa = PBXFrameworksBuildPhase;
			buildActionMask = 2147483647;
			files = (
			);
			runOnlyForDeploymentPostprocessing = 0;
		};
		FD23634726FEFF2D007E20C7 /* Frameworks */ = {
			isa = PBXFrameworksBuildPhase;
			buildActionMask = 2147483647;
			files = (
			);
			runOnlyForDeploymentPostprocessing = 0;
		};
		FD23634F26FEFF2D007E20C7 /* Frameworks */ = {
			isa = PBXFrameworksBuildPhase;
			buildActionMask = 2147483647;
			files = (
			);
			runOnlyForDeploymentPostprocessing = 0;
		};
		FD23635A26FEFF2D007E20C7 /* Frameworks */ = {
			isa = PBXFrameworksBuildPhase;
			buildActionMask = 2147483647;
			files = (
			);
			runOnlyForDeploymentPostprocessing = 0;
		};
/* End PBXFrameworksBuildPhase section */

/* Begin PBXGroup section */
		FD23633526FEFF29007E20C7 = {
			isa = PBXGroup;
			children = (
				FD23633A26FEFF2A007E20C7 /* Shared */,
				FD23634426FEFF2D007E20C7 /* iOS */,
				FD23634B26FEFF2D007E20C7 /* macOS */,
				FD23635526FEFF2D007E20C7 /* Tests iOS */,
				FD23636026FEFF2D007E20C7 /* Tests macOS */,
				FD23634326FEFF2D007E20C7 /* Products */,
			);
			sourceTree = "<group>";
		};
		FD23633A26FEFF2A007E20C7 /* Shared */ = {
			isa = PBXGroup;
			children = (
				FD2363D526FF4C23007E20C7 /* Resources */,
				FD23639C26FF1095007E20C7 /* ViewModels */,
				FD23639B26FF1078007E20C7 /* Views */,
				FD23638F26FF103A007E20C7 /* Models */,
				FD23633B26FEFF2A007E20C7 /* Al_QuranApp.swift */,
				FD23633C26FEFF2A007E20C7 /* ContentView.swift */,
				FD23637C26FF02B0007E20C7 /* ContentHeaderView.swift */,
				FD23633D26FEFF2D007E20C7 /* Assets.xcassets */,
			);
			path = Shared;
			sourceTree = "<group>";
		};
		FD23634326FEFF2D007E20C7 /* Products */ = {
			isa = PBXGroup;
			children = (
				FD23634226FEFF2D007E20C7 /* Al Quran.app */,
				FD23634A26FEFF2D007E20C7 /* Al Quran.app */,
				FD23635226FEFF2D007E20C7 /* Tests iOS.xctest */,
				FD23635D26FEFF2D007E20C7 /* Tests macOS.xctest */,
			);
			name = Products;
			sourceTree = "<group>";
		};
		FD23634426FEFF2D007E20C7 /* iOS */ = {
			isa = PBXGroup;
			children = (
				FD23634526FEFF2D007E20C7 /* Info.plist */,
			);
			path = iOS;
			sourceTree = "<group>";
		};
		FD23634B26FEFF2D007E20C7 /* macOS */ = {
			isa = PBXGroup;
			children = (
				FD23634C26FEFF2D007E20C7 /* Info.plist */,
				FD23634D26FEFF2D007E20C7 /* macOS.entitlements */,
			);
			path = macOS;
			sourceTree = "<group>";
		};
		FD23635526FEFF2D007E20C7 /* Tests iOS */ = {
			isa = PBXGroup;
			children = (
				FD23635626FEFF2D007E20C7 /* Tests_iOS.swift */,
				FD23635826FEFF2D007E20C7 /* Info.plist */,
			);
			path = "Tests iOS";
			sourceTree = "<group>";
		};
		FD23636026FEFF2D007E20C7 /* Tests macOS */ = {
			isa = PBXGroup;
			children = (
				FD23636126FEFF2D007E20C7 /* Tests_macOS.swift */,
				FD23636326FEFF2D007E20C7 /* Info.plist */,
			);
			path = "Tests macOS";
			sourceTree = "<group>";
		};
		FD23638326FF0AAD007E20C7 /* ChaptersList */ = {
			isa = PBXGroup;
			children = (
				FD23638426FF0AE1007E20C7 /* ChapetersListView.swift */,
			);
			path = ChaptersList;
			sourceTree = "<group>";
		};
		FD23638F26FF103A007E20C7 /* Models */ = {
			isa = PBXGroup;
			children = (
				FD23639026FF1064007E20C7 /* QuranChaptersResponseModel.swift */,
				FD2363BB26FF257B007E20C7 /* ChapterVersesResponseModel.swift */,
			);
			path = Models;
			sourceTree = "<group>";
		};
		FD23639B26FF1078007E20C7 /* Views */ = {
			isa = PBXGroup;
			children = (
				FD2363A426FF2499007E20C7 /* ChapterDetailsView */,
				FD23638326FF0AAD007E20C7 /* ChaptersList */,
			);
			path = Views;
			sourceTree = "<group>";
		};
		FD23639C26FF1095007E20C7 /* ViewModels */ = {
			isa = PBXGroup;
			children = (
				FD23639D26FF1453007E20C7 /* QuranChaptersListModelView.swift */,
				FD2363B026FF24DD007E20C7 /* ChapterdetailsModelView.swift */,
			);
			path = ViewModels;
			sourceTree = "<group>";
		};
		FD2363A426FF2499007E20C7 /* ChapterDetailsView */ = {
			isa = PBXGroup;
			children = (
				FD2363A526FF24B4007E20C7 /* ChapterDetailsView.swift */,
			);
			path = ChapterDetailsView;
			sourceTree = "<group>";
		};
		FD2363D526FF4C23007E20C7 /* Resources */ = {
			isa = PBXGroup;
			children = (
				FD2363D626FF4C33007E20C7 /* ActivityIndicator.swift */,
			);
			path = Resources;
			sourceTree = "<group>";
		};
/* End PBXGroup section */

/* Begin PBXNativeTarget section */
		FD23634126FEFF2D007E20C7 /* Al Quran (iOS) */ = {
			isa = PBXNativeTarget;
			buildConfigurationList = FD23636C26FEFF2D007E20C7 /* Build configuration list for PBXNativeTarget "Al Quran (iOS)" */;
			buildPhases = (
				FD23633E26FEFF2D007E20C7 /* Sources */,
				FD23633F26FEFF2D007E20C7 /* Frameworks */,
				FD23634026FEFF2D007E20C7 /* Resources */,
			);
			buildRules = (
			);
			dependencies = (
			);
			name = "Al Quran (iOS)";
			productName = "Al Quran (iOS)";
			productReference = FD23634226FEFF2D007E20C7 /* Al Quran.app */;
			productType = "com.apple.product-type.application";
		};
		FD23634926FEFF2D007E20C7 /* Al Quran (macOS) */ = {
			isa = PBXNativeTarget;
			buildConfigurationList = FD23636F26FEFF2D007E20C7 /* Build configuration list for PBXNativeTarget "Al Quran (macOS)" */;
			buildPhases = (
				FD23634626FEFF2D007E20C7 /* Sources */,
				FD23634726FEFF2D007E20C7 /* Frameworks */,
				FD23634826FEFF2D007E20C7 /* Resources */,
			);
			buildRules = (
			);
			dependencies = (
			);
			name = "Al Quran (macOS)";
			productName = "Al Quran (macOS)";
			productReference = FD23634A26FEFF2D007E20C7 /* Al Quran.app */;
			productType = "com.apple.product-type.application";
		};
		FD23635126FEFF2D007E20C7 /* Tests iOS */ = {
			isa = PBXNativeTarget;
			buildConfigurationList = FD23637226FEFF2D007E20C7 /* Build configuration list for PBXNativeTarget "Tests iOS" */;
			buildPhases = (
				FD23634E26FEFF2D007E20C7 /* Sources */,
				FD23634F26FEFF2D007E20C7 /* Frameworks */,
				FD23635026FEFF2D007E20C7 /* Resources */,
			);
			buildRules = (
			);
			dependencies = (
				FD23635426FEFF2D007E20C7 /* PBXTargetDependency */,
			);
			name = "Tests iOS";
			productName = "Tests iOS";
			productReference = FD23635226FEFF2D007E20C7 /* Tests iOS.xctest */;
			productType = "com.apple.product-type.bundle.ui-testing";
		};
		FD23635C26FEFF2D007E20C7 /* Tests macOS */ = {
			isa = PBXNativeTarget;
			buildConfigurationList = FD23637526FEFF2D007E20C7 /* Build configuration list for PBXNativeTarget "Tests macOS" */;
			buildPhases = (
				FD23635926FEFF2D007E20C7 /* Sources */,
				FD23635A26FEFF2D007E20C7 /* Frameworks */,
				FD23635B26FEFF2D007E20C7 /* Resources */,
			);
			buildRules = (
			);
			dependencies = (
				FD23635F26FEFF2D007E20C7 /* PBXTargetDependency */,
			);
			name = "Tests macOS";
			productName = "Tests macOS";
			productReference = FD23635D26FEFF2D007E20C7 /* Tests macOS.xctest */;
			productType = "com.apple.product-type.bundle.ui-testing";
		};
/* End PBXNativeTarget section */

/* Begin PBXProject section */
		FD23633626FEFF29007E20C7 /* Project object */ = {
			isa = PBXProject;
			attributes = {
				LastSwiftUpdateCheck = 1240;
				LastUpgradeCheck = 1240;
				TargetAttributes = {
					FD23634126FEFF2D007E20C7 = {
						CreatedOnToolsVersion = 12.4;
					};
					FD23634926FEFF2D007E20C7 = {
						CreatedOnToolsVersion = 12.4;
					};
					FD23635126FEFF2D007E20C7 = {
						CreatedOnToolsVersion = 12.4;
						TestTargetID = FD23634126FEFF2D007E20C7;
					};
					FD23635C26FEFF2D007E20C7 = {
						CreatedOnToolsVersion = 12.4;
						TestTargetID = FD23634926FEFF2D007E20C7;
					};
				};
			};
			buildConfigurationList = FD23633926FEFF29007E20C7 /* Build configuration list for PBXProject "Al Quran" */;
			compatibilityVersion = "Xcode 9.3";
			developmentRegion = en;
			hasScannedForEncodings = 0;
			knownRegions = (
				en,
				Base,
			);
			mainGroup = FD23633526FEFF29007E20C7;
			productRefGroup = FD23634326FEFF2D007E20C7 /* Products */;
			projectDirPath = "";
			projectRoot = "";
			targets = (
				FD23634126FEFF2D007E20C7 /* Al Quran (iOS) */,
				FD23634926FEFF2D007E20C7 /* Al Quran (macOS) */,
				FD23635126FEFF2D007E20C7 /* Tests iOS */,
				FD23635C26FEFF2D007E20C7 /* Tests macOS */,
			);
		};
/* End PBXProject section */

/* Begin PBXResourcesBuildPhase section */
		FD23634026FEFF2D007E20C7 /* Resources */ = {
			isa = PBXResourcesBuildPhase;
			buildActionMask = 2147483647;
			files = (
				FD23636826FEFF2D007E20C7 /* Assets.xcassets in Resources */,
			);
			runOnlyForDeploymentPostprocessing = 0;
		};
		FD23634826FEFF2D007E20C7 /* Resources */ = {
			isa = PBXResourcesBuildPhase;
			buildActionMask = 2147483647;
			files = (
				FD23636926FEFF2D007E20C7 /* Assets.xcassets in Resources */,
			);
			runOnlyForDeploymentPostprocessing = 0;
		};
		FD23635026FEFF2D007E20C7 /* Resources */ = {
			isa = PBXResourcesBuildPhase;
			buildActionMask = 2147483647;
			files = (
			);
			runOnlyForDeploymentPostprocessing = 0;
		};
		FD23635B26FEFF2D007E20C7 /* Resources */ = {
			isa = PBXResourcesBuildPhase;
			buildActionMask = 2147483647;
			files = (
			);
			runOnlyForDeploymentPostprocessing = 0;
		};
/* End PBXResourcesBuildPhase section */

/* Begin PBXSourcesBuildPhase section */
		FD23633E26FEFF2D007E20C7 /* Sources */ = {
			isa = PBXSourcesBuildPhase;
			buildActionMask = 2147483647;
			files = (
				FD23638526FF0AE1007E20C7 /* ChapetersListView.swift in Sources */,
				FD2363B126FF24DD007E20C7 /* ChapterdetailsModelView.swift in Sources */,
				FD2363BC26FF257B007E20C7 /* ChapterVersesResponseModel.swift in Sources */,
				FD23639126FF1064007E20C7 /* QuranChaptersResponseModel.swift in Sources */,
				FD23639E26FF1453007E20C7 /* QuranChaptersListModelView.swift in Sources */,
				FD23637D26FF02B0007E20C7 /* ContentHeaderView.swift in Sources */,
				FD2363D726FF4C33007E20C7 /* ActivityIndicator.swift in Sources */,
				FD23636626FEFF2D007E20C7 /* ContentView.swift in Sources */,
				FD23636426FEFF2D007E20C7 /* Al_QuranApp.swift in Sources */,
				FD2363A626FF24B4007E20C7 /* ChapterDetailsView.swift in Sources */,
			);
			runOnlyForDeploymentPostprocessing = 0;
		};
		FD23634626FEFF2D007E20C7 /* Sources */ = {
			isa = PBXSourcesBuildPhase;
			buildActionMask = 2147483647;
			files = (
				FD23638626FF0AE1007E20C7 /* ChapetersListView.swift in Sources */,
				FD2363B226FF24DD007E20C7 /* ChapterdetailsModelView.swift in Sources */,
				FD2363BD26FF257B007E20C7 /* ChapterVersesResponseModel.swift in Sources */,
				FD23639226FF1064007E20C7 /* QuranChaptersResponseModel.swift in Sources */,
				FD23639F26FF1453007E20C7 /* QuranChaptersListModelView.swift in Sources */,
				FD23637E26FF02B0007E20C7 /* ContentHeaderView.swift in Sources */,
				FD2363DC26FF4C38007E20C7 /* ActivityIndicator.swift in Sources */,
				FD23636726FEFF2D007E20C7 /* ContentView.swift in Sources */,
				FD23636526FEFF2D007E20C7 /* Al_QuranApp.swift in Sources */,
				FD2363A726FF24B4007E20C7 /* ChapterDetailsView.swift in Sources */,
			);
			runOnlyForDeploymentPostprocessing = 0;
		};
		FD23634E26FEFF2D007E20C7 /* Sources */ = {
			isa = PBXSourcesBuildPhase;
			buildActionMask = 2147483647;
			files = (
				FD23635726FEFF2D007E20C7 /* Tests_iOS.swift in Sources */,
			);
			runOnlyForDeploymentPostprocessing = 0;
		};
		FD23635926FEFF2D007E20C7 /* Sources */ = {
			isa = PBXSourcesBuildPhase;
			buildActionMask = 2147483647;
			files = (
				FD23636226FEFF2D007E20C7 /* Tests_macOS.swift in Sources */,
			);
			runOnlyForDeploymentPostprocessing = 0;
		};
/* End PBXSourcesBuildPhase section */

/* Begin PBXTargetDependency section */
		FD23635426FEFF2D007E20C7 /* PBXTargetDependency */ = {
			isa = PBXTargetDependency;
			target = FD23634126FEFF2D007E20C7 /* Al Quran (iOS) */;
			targetProxy = FD23635326FEFF2D007E20C7 /* PBXContainerItemProxy */;
		};
		FD23635F26FEFF2D007E20C7 /* PBXTargetDependency */ = {
			isa = PBXTargetDependency;
			target = FD23634926FEFF2D007E20C7 /* Al Quran (macOS) */;
			targetProxy = FD23635E26FEFF2D007E20C7 /* PBXContainerItemProxy */;
		};
/* End PBXTargetDependency section */

/* Begin XCBuildConfiguration section */
		FD23636A26FEFF2D007E20C7 /* Debug */ = {
			isa = XCBuildConfiguration;
			buildSettings = {
				ALWAYS_SEARCH_USER_PATHS = NO;
				CLANG_ANALYZER_NONNULL = YES;
				CLANG_ANALYZER_NUMBER_OBJECT_CONVERSION = YES_AGGRESSIVE;
				CLANG_CXX_LANGUAGE_STANDARD = "gnu++14";
				CLANG_CXX_LIBRARY = "libc++";
				CLANG_ENABLE_MODULES = YES;
				CLANG_ENABLE_OBJC_ARC = YES;
				CLANG_ENABLE_OBJC_WEAK = YES;
				CLANG_WARN_BLOCK_CAPTURE_AUTORELEASING = YES;
				CLANG_WARN_BOOL_CONVERSION = YES;
				CLANG_WARN_COMMA = YES;
				CLANG_WARN_CONSTANT_CONVERSION = YES;
				CLANG_WARN_DEPRECATED_OBJC_IMPLEMENTATIONS = YES;
				CLANG_WARN_DIRECT_OBJC_ISA_USAGE = YES_ERROR;
				CLANG_WARN_DOCUMENTATION_COMMENTS = YES;
				CLANG_WARN_EMPTY_BODY = YES;
				CLANG_WARN_ENUM_CONVERSION = YES;
				CLANG_WARN_INFINITE_RECURSION = YES;
				CLANG_WARN_INT_CONVERSION = YES;
				CLANG_WARN_NON_LITERAL_NULL_CONVERSION = YES;
				CLANG_WARN_OBJC_IMPLICIT_RETAIN_SELF = YES;
				CLANG_WARN_OBJC_LITERAL_CONVERSION = YES;
				CLANG_WARN_OBJC_ROOT_CLASS = YES_ERROR;
				CLANG_WARN_QUOTED_INCLUDE_IN_FRAMEWORK_HEADER = YES;
				CLANG_WARN_RANGE_LOOP_ANALYSIS = YES;
				CLANG_WARN_STRICT_PROTOTYPES = YES;
				CLANG_WARN_SUSPICIOUS_MOVE = YES;
				CLANG_WARN_UNGUARDED_AVAILABILITY = YES_AGGRESSIVE;
				CLANG_WARN_UNREACHABLE_CODE = YES;
				CLANG_WARN__DUPLICATE_METHOD_MATCH = YES;
				COPY_PHASE_STRIP = NO;
				DEBUG_INFORMATION_FORMAT = dwarf;
				ENABLE_STRICT_OBJC_MSGSEND = YES;
				ENABLE_TESTABILITY = YES;
				GCC_C_LANGUAGE_STANDARD = gnu11;
				GCC_DYNAMIC_NO_PIC = NO;
				GCC_NO_COMMON_BLOCKS = YES;
				GCC_OPTIMIZATION_LEVEL = 0;
				GCC_PREPROCESSOR_DEFINITIONS = (
					"DEBUG=1",
					"$(inherited)",
				);
				GCC_WARN_64_TO_32_BIT_CONVERSION = YES;
				GCC_WARN_ABOUT_RETURN_TYPE = YES_ERROR;
				GCC_WARN_UNDECLARED_SELECTOR = YES;
				GCC_WARN_UNINITIALIZED_AUTOS = YES_AGGRESSIVE;
				GCC_WARN_UNUSED_FUNCTION = YES;
				GCC_WARN_UNUSED_VARIABLE = YES;
				MTL_ENABLE_DEBUG_INFO = INCLUDE_SOURCE;
				MTL_FAST_MATH = YES;
				ONLY_ACTIVE_ARCH = YES;
				SWIFT_ACTIVE_COMPILATION_CONDITIONS = DEBUG;
				SWIFT_OPTIMIZATION_LEVEL = "-Onone";
			};
			name = Debug;
		};
		FD23636B26FEFF2D007E20C7 /* Release */ = {
			isa = XCBuildConfiguration;
			buildSettings = {
				ALWAYS_SEARCH_USER_PATHS = NO;
				CLANG_ANALYZER_NONNULL = YES;
				CLANG_ANALYZER_NUMBER_OBJECT_CONVERSION = YES_AGGRESSIVE;
				CLANG_CXX_LANGUAGE_STANDARD = "gnu++14";
				CLANG_CXX_LIBRARY = "libc++";
				CLANG_ENABLE_MODULES = YES;
				CLANG_ENABLE_OBJC_ARC = YES;
				CLANG_ENABLE_OBJC_WEAK = YES;
				CLANG_WARN_BLOCK_CAPTURE_AUTORELEASING = YES;
				CLANG_WARN_BOOL_CONVERSION = YES;
				CLANG_WARN_COMMA = YES;
				CLANG_WARN_CONSTANT_CONVERSION = YES;
				CLANG_WARN_DEPRECATED_OBJC_IMPLEMENTATIONS = YES;
				CLANG_WARN_DIRECT_OBJC_ISA_USAGE = YES_ERROR;
				CLANG_WARN_DOCUMENTATION_COMMENTS = YES;
				CLANG_WARN_EMPTY_BODY = YES;
				CLANG_WARN_ENUM_CONVERSION = YES;
				CLANG_WARN_INFINITE_RECURSION = YES;
				CLANG_WARN_INT_CONVERSION = YES;
				CLANG_WARN_NON_LITERAL_NULL_CONVERSION = YES;
				CLANG_WARN_OBJC_IMPLICIT_RETAIN_SELF = YES;
				CLANG_WARN_OBJC_LITERAL_CONVERSION = YES;
				CLANG_WARN_OBJC_ROOT_CLASS = YES_ERROR;
				CLANG_WARN_QUOTED_INCLUDE_IN_FRAMEWORK_HEADER = YES;
				CLANG_WARN_RANGE_LOOP_ANALYSIS = YES;
				CLANG_WARN_STRICT_PROTOTYPES = YES;
				CLANG_WARN_SUSPICIOUS_MOVE = YES;
				CLANG_WARN_UNGUARDED_AVAILABILITY = YES_AGGRESSIVE;
				CLANG_WARN_UNREACHABLE_CODE = YES;
				CLANG_WARN__DUPLICATE_METHOD_MATCH = YES;
				COPY_PHASE_STRIP = NO;
				DEBUG_INFORMATION_FORMAT = "dwarf-with-dsym";
				ENABLE_NS_ASSERTIONS = NO;
				ENABLE_STRICT_OBJC_MSGSEND = YES;
				GCC_C_LANGUAGE_STANDARD = gnu11;
				GCC_NO_COMMON_BLOCKS = YES;
				GCC_WARN_64_TO_32_BIT_CONVERSION = YES;
				GCC_WARN_ABOUT_RETURN_TYPE = YES_ERROR;
				GCC_WARN_UNDECLARED_SELECTOR = YES;
				GCC_WARN_UNINITIALIZED_AUTOS = YES_AGGRESSIVE;
				GCC_WARN_UNUSED_FUNCTION = YES;
				GCC_WARN_UNUSED_VARIABLE = YES;
				MTL_ENABLE_DEBUG_INFO = NO;
				MTL_FAST_MATH = YES;
				SWIFT_COMPILATION_MODE = wholemodule;
				SWIFT_OPTIMIZATION_LEVEL = "-O";
			};
			name = Release;
		};
		FD23636D26FEFF2D007E20C7 /* Debug */ = {
			isa = XCBuildConfiguration;
			buildSettings = {
				ASSETCATALOG_COMPILER_APPICON_NAME = AppIcon;
				ASSETCATALOG_COMPILER_GLOBAL_ACCENT_COLOR_NAME = AccentColor;
				CODE_SIGN_STYLE = Automatic;
				DEVELOPMENT_TEAM = F6WQJMLN73;
				ENABLE_PREVIEWS = YES;
				INFOPLIST_FILE = iOS/Info.plist;
				IPHONEOS_DEPLOYMENT_TARGET = 14.0;
				LD_RUNPATH_SEARCH_PATHS = (
					"$(inherited)",
					"@executable_path/Frameworks",
				);
				PRODUCT_BUNDLE_IDENTIFIER = "opensource.Al-Quran";
				PRODUCT_NAME = "Al Quran";
				SDKROOT = iphoneos;
				SWIFT_VERSION = 5.0;
				TARGETED_DEVICE_FAMILY = "1,2";
			};
			name = Debug;
		};
		FD23636E26FEFF2D007E20C7 /* Release */ = {
			isa = XCBuildConfiguration;
			buildSettings = {
				ASSETCATALOG_COMPILER_APPICON_NAME = AppIcon;
				ASSETCATALOG_COMPILER_GLOBAL_ACCENT_COLOR_NAME = AccentColor;
				CODE_SIGN_STYLE = Automatic;
				DEVELOPMENT_TEAM = F6WQJMLN73;
				ENABLE_PREVIEWS = YES;
				INFOPLIST_FILE = iOS/Info.plist;
				IPHONEOS_DEPLOYMENT_TARGET = 14.0;
				LD_RUNPATH_SEARCH_PATHS = (
					"$(inherited)",
					"@executable_path/Frameworks",
				);
				PRODUCT_BUNDLE_IDENTIFIER = "opensource.Al-Quran";
				PRODUCT_NAME = "Al Quran";
				SDKROOT = iphoneos;
				SWIFT_VERSION = 5.0;
				TARGETED_DEVICE_FAMILY = "1,2";
				VALIDATE_PRODUCT = YES;
			};
			name = Release;
		};
		FD23637026FEFF2D007E20C7 /* Debug */ = {
			isa = XCBuildConfiguration;
			buildSettings = {
				ASSETCATALOG_COMPILER_APPICON_NAME = AppIcon;
				ASSETCATALOG_COMPILER_GLOBAL_ACCENT_COLOR_NAME = AccentColor;
				CODE_SIGN_ENTITLEMENTS = macOS/macOS.entitlements;
				CODE_SIGN_STYLE = Automatic;
				COMBINE_HIDPI_IMAGES = YES;
				DEVELOPMENT_TEAM = F6WQJMLN73;
				ENABLE_HARDENED_RUNTIME = YES;
				ENABLE_PREVIEWS = YES;
				INFOPLIST_FILE = macOS/Info.plist;
				LD_RUNPATH_SEARCH_PATHS = (
					"$(inherited)",
					"@executable_path/../Frameworks",
				);
				MACOSX_DEPLOYMENT_TARGET = 11.0;
				PRODUCT_BUNDLE_IDENTIFIER = "opensource.Al-Quran";
				PRODUCT_NAME = "Al Quran";
				SDKROOT = macosx;
				SWIFT_VERSION = 5.0;
			};
			name = Debug;
		};
		FD23637126FEFF2D007E20C7 /* Release */ = {
			isa = XCBuildConfiguration;
			buildSettings = {
				ASSETCATALOG_COMPILER_APPICON_NAME = AppIcon;
				ASSETCATALOG_COMPILER_GLOBAL_ACCENT_COLOR_NAME = AccentColor;
				CODE_SIGN_ENTITLEMENTS = macOS/macOS.entitlements;
				CODE_SIGN_STYLE = Automatic;
				COMBINE_HIDPI_IMAGES = YES;
				DEVELOPMENT_TEAM = F6WQJMLN73;
				ENABLE_HARDENED_RUNTIME = YES;
				ENABLE_PREVIEWS = YES;
				INFOPLIST_FILE = macOS/Info.plist;
				LD_RUNPATH_SEARCH_PATHS = (
					"$(inherited)",
					"@executable_path/../Frameworks",
				);
				MACOSX_DEPLOYMENT_TARGET = 11.0;
				PRODUCT_BUNDLE_IDENTIFIER = "opensource.Al-Quran";
				PRODUCT_NAME = "Al Quran";
				SDKROOT = macosx;
				SWIFT_VERSION = 5.0;
			};
			name = Release;
		};
		FD23637326FEFF2D007E20C7 /* Debug */ = {
			isa = XCBuildConfiguration;
			buildSettings = {
				ALWAYS_EMBED_SWIFT_STANDARD_LIBRARIES = YES;
				CODE_SIGN_STYLE = Automatic;
				DEVELOPMENT_TEAM = F6WQJMLN73;
				INFOPLIST_FILE = "Tests iOS/Info.plist";
				IPHONEOS_DEPLOYMENT_TARGET = 14.4;
				LD_RUNPATH_SEARCH_PATHS = (
					"$(inherited)",
					"@executable_path/Frameworks",
					"@loader_path/Frameworks",
				);
				PRODUCT_BUNDLE_IDENTIFIER = "opensource.Tests-iOS";
				PRODUCT_NAME = "$(TARGET_NAME)";
				SDKROOT = iphoneos;
				SWIFT_VERSION = 5.0;
				TARGETED_DEVICE_FAMILY = "1,2";
				TEST_TARGET_NAME = "Al Quran (iOS)";
			};
			name = Debug;
		};
		FD23637426FEFF2D007E20C7 /* Release */ = {
			isa = XCBuildConfiguration;
			buildSettings = {
				ALWAYS_EMBED_SWIFT_STANDARD_LIBRARIES = YES;
				CODE_SIGN_STYLE = Automatic;
				DEVELOPMENT_TEAM = F6WQJMLN73;
				INFOPLIST_FILE = "Tests iOS/Info.plist";
				IPHONEOS_DEPLOYMENT_TARGET = 14.4;
				LD_RUNPATH_SEARCH_PATHS = (
					"$(inherited)",
					"@executable_path/Frameworks",
					"@loader_path/Frameworks",
				);
				PRODUCT_BUNDLE_IDENTIFIER = "opensource.Tests-iOS";
				PRODUCT_NAME = "$(TARGET_NAME)";
				SDKROOT = iphoneos;
				SWIFT_VERSION = 5.0;
				TARGETED_DEVICE_FAMILY = "1,2";
				TEST_TARGET_NAME = "Al Quran (iOS)";
				VALIDATE_PRODUCT = YES;
			};
			name = Release;
		};
		FD23637626FEFF2D007E20C7 /* Debug */ = {
			isa = XCBuildConfiguration;
			buildSettings = {
				ALWAYS_EMBED_SWIFT_STANDARD_LIBRARIES = YES;
				CODE_SIGN_STYLE = Automatic;
				COMBINE_HIDPI_IMAGES = YES;
				DEVELOPMENT_TEAM = F6WQJMLN73;
				INFOPLIST_FILE = "Tests macOS/Info.plist";
				LD_RUNPATH_SEARCH_PATHS = (
					"$(inherited)",
					"@executable_path/../Frameworks",
					"@loader_path/../Frameworks",
				);
				MACOSX_DEPLOYMENT_TARGET = 10.15;
				PRODUCT_BUNDLE_IDENTIFIER = "opensource.Tests-macOS";
				PRODUCT_NAME = "$(TARGET_NAME)";
				SDKROOT = macosx;
				SWIFT_VERSION = 5.0;
				TEST_TARGET_NAME = "Al Quran (macOS)";
			};
			name = Debug;
		};
		FD23637726FEFF2D007E20C7 /* Release */ = {
			isa = XCBuildConfiguration;
			buildSettings = {
				ALWAYS_EMBED_SWIFT_STANDARD_LIBRARIES = YES;
				CODE_SIGN_STYLE = Automatic;
				COMBINE_HIDPI_IMAGES = YES;
				DEVELOPMENT_TEAM = F6WQJMLN73;
				INFOPLIST_FILE = "Tests macOS/Info.plist";
				LD_RUNPATH_SEARCH_PATHS = (
					"$(inherited)",
					"@executable_path/../Frameworks",
					"@loader_path/../Frameworks",
				);
				MACOSX_DEPLOYMENT_TARGET = 10.15;
				PRODUCT_BUNDLE_IDENTIFIER = "opensource.Tests-macOS";
				PRODUCT_NAME = "$(TARGET_NAME)";
				SDKROOT = macosx;
				SWIFT_VERSION = 5.0;
				TEST_TARGET_NAME = "Al Quran (macOS)";
			};
			name = Release;
		};
/* End XCBuildConfiguration section */

/* Begin XCConfigurationList section */
		FD23633926FEFF29007E20C7 /* Build configuration list for PBXProject "Al Quran" */ = {
			isa = XCConfigurationList;
			buildConfigurations = (
				FD23636A26FEFF2D007E20C7 /* Debug */,
				FD23636B26FEFF2D007E20C7 /* Release */,
			);
			defaultConfigurationIsVisible = 0;
			defaultConfigurationName = Release;
		};
		FD23636C26FEFF2D007E20C7 /* Build configuration list for PBXNativeTarget "Al Quran (iOS)" */ = {
			isa = XCConfigurationList;
			buildConfigurations = (
				FD23636D26FEFF2D007E20C7 /* Debug */,
				FD23636E26FEFF2D007E20C7 /* Release */,
			);
			defaultConfigurationIsVisible = 0;
			defaultConfigurationName = Release;
		};
		FD23636F26FEFF2D007E20C7 /* Build configuration list for PBXNativeTarget "Al Quran (macOS)" */ = {
			isa = XCConfigurationList;
			buildConfigurations = (
				FD23637026FEFF2D007E20C7 /* Debug */,
				FD23637126FEFF2D007E20C7 /* Release */,
			);
			defaultConfigurationIsVisible = 0;
			defaultConfigurationName = Release;
		};
		FD23637226FEFF2D007E20C7 /* Build configuration list for PBXNativeTarget "Tests iOS" */ = {
			isa = XCConfigurationList;
			buildConfigurations = (
				FD23637326FEFF2D007E20C7 /* Debug */,
				FD23637426FEFF2D007E20C7 /* Release */,
			);
			defaultConfigurationIsVisible = 0;
			defaultConfigurationName = Release;
		};
		FD23637526FEFF2D007E20C7 /* Build configuration list for PBXNativeTarget "Tests macOS" */ = {
			isa = XCConfigurationList;
			buildConfigurations = (
				FD23637626FEFF2D007E20C7 /* Debug */,
				FD23637726FEFF2D007E20C7 /* Release */,
			);
			defaultConfigurationIsVisible = 0;
			defaultConfigurationName = Release;
		};
/* End XCConfigurationList section */
	};
	rootObject = FD23633626FEFF29007E20C7 /* Project object */;
}
